// !$*UTF8*$!
{
	archiveVersion = 1;
	classes = {
	};
	objectVersion = 46;
	objects = {

/* Begin PBXBuildFile section */
		7655C3C01CCAFE860098201B /* main.cpp in Sources */ = {isa = PBXBuildFile; fileRef = 7655C3BF1CCAFE860098201B /* main.cpp */; };
		7655C3C71CCB979F0098201B /* Makefile in Sources */ = {isa = PBXBuildFile; fileRef = 7655C3C61CCB979F0098201B /* Makefile */; };
/* End PBXBuildFile section */

/* Begin PBXCopyFilesBuildPhase section */
		7655C3BA1CCAFE860098201B /* CopyFiles */ = {
			isa = PBXCopyFilesBuildPhase;
			buildActionMask = 2147483647;
			dstPath = /usr/share/man/man1/;
			dstSubfolderSpec = 0;
			files = (
			);
			runOnlyForDeploymentPostprocessing = 1;
		};
/* End PBXCopyFilesBuildPhase section */

/* Begin PBXFileReference section */
		7655C3BC1CCAFE860098201B /* socket_app */ = {isa = PBXFileReference; explicitFileType = "compiled.mach-o.executable"; includeInIndex = 0; path = socket_app; sourceTree = BUILT_PRODUCTS_DIR; };
		7655C3BF1CCAFE860098201B /* main.cpp */ = {isa = PBXFileReference; lastKnownFileType = sourcecode.cpp.cpp; path = main.cpp; sourceTree = "<group>"; };
		7655C3C61CCB979F0098201B /* Makefile */ = {isa = PBXFileReference; fileEncoding = 4; lastKnownFileType = sourcecode.make; path = Makefile; sourceTree = "<group>"; };
/* End PBXFileReference section */

/* Begin PBXFrameworksBuildPhase section */
		7655C3B91CCAFE860098201B /* Frameworks */ = {
			isa = PBXFrameworksBuildPhase;
			buildActionMask = 2147483647;
			files = (
			);
			runOnlyForDeploymentPostprocessing = 0;
		};
/* End PBXFrameworksBuildPhase section */

/* Begin PBXGroup section */
		7655C3B31CCAFE850098201B = {
			isa = PBXGroup;
			children = (
				7655C3BE1CCAFE860098201B /* socket_app */,
				7655C3BD1CCAFE860098201B /* Products */,
			);
			sourceTree = "<group>";
		};
		7655C3BD1CCAFE860098201B /* Products */ = {
			isa = PBXGroup;
			children = (
				7655C3BC1CCAFE860098201B /* socket_app */,
			);
			name = Products;
			sourceTree = "<group>";
		};
		7655C3BE1CCAFE860098201B /* socket_app */ = {
			isa = PBXGroup;
			children = (
				7655C3C61CCB979F0098201B /* Makefile */,
				7655C3BF1CCAFE860098201B /* main.cpp */,
			);
			path = socket_app;
			sourceTree = "<group>";
		};
/* End PBXGroup section */

/* Begin PBXNativeTarget section */
		7655C3BB1CCAFE860098201B /* socket_app */ = {
			isa = PBXNativeTarget;
			buildConfigurationList = 7655C3C31CCAFE860098201B /* Build configuration list for PBXNativeTarget "socket_app" */;
			buildPhases = (
				7655C3B81CCAFE860098201B /* Sources */,
				7655C3B91CCAFE860098201B /* Frameworks */,
				7655C3BA1CCAFE860098201B /* CopyFiles */,
			);
			buildRules = (
			);
			dependencies = (
			);
			name = socket_app;
			productName = socket_app;
			productReference = 7655C3BC1CCAFE860098201B /* socket_app */;
			productType = "com.apple.product-type.tool";
		};
/* End PBXNativeTarget section */

/* Begin PBXProject section */
		7655C3B41CCAFE860098201B /* Project object */ = {
			isa = PBXProject;
			attributes = {
				LastUpgradeCheck = 0730;
				ORGANIZATIONNAME = "Benjamin Rebertus";
				TargetAttributes = {
					7655C3BB1CCAFE860098201B = {
						CreatedOnToolsVersion = 7.3;
					};
				};
			};
			buildConfigurationList = 7655C3B71CCAFE860098201B /* Build configuration list for PBXProject "socket_app" */;
			compatibilityVersion = "Xcode 3.2";
			developmentRegion = English;
			hasScannedForEncodings = 0;
			knownRegions = (
				en,
			);
			mainGroup = 7655C3B31CCAFE850098201B;
			productRefGroup = 7655C3BD1CCAFE860098201B /* Products */;
			projectDirPath = "";
			projectRoot = "";
			targets = (
				7655C3BB1CCAFE860098201B /* socket_app */,
			);
		};
/* End PBXProject section */

/* Begin PBXSourcesBuildPhase section */
		7655C3B81CCAFE860098201B /* Sources */ = {
			isa = PBXSourcesBuildPhase;
			buildActionMask = 2147483647;
			files = (
				7655C3C71CCB979F0098201B /* Makefile in Sources */,
				7655C3C01CCAFE860098201B /* main.cpp in Sources */,
			);
			runOnlyForDeploymentPostprocessing = 0;
		};
/* End PBXSourcesBuildPhase section */

/* Begin XCBuildConfiguration section */
		7655C3C11CCAFE860098201B /* Debug */ = {
			isa = XCBuildConfiguration;
			buildSettings = {
				ALWAYS_SEARCH_USER_PATHS = NO;
				CLANG_ANALYZER_NONNULL = YES;
				CLANG_CXX_LANGUAGE_STANDARD = "gnu++0x";
				CLANG_CXX_LIBRARY = "libc++";
				CLANG_ENABLE_MODULES = YES;
				CLANG_ENABLE_OBJC_ARC = YES;
				CLANG_WARN_BOOL_CONVERSION = YES;
				CLANG_WARN_CONSTANT_CONVERSION = YES;
				CLANG_WARN_DIRECT_OBJC_ISA_USAGE = YES_ERROR;
				CLANG_WARN_EMPTY_BODY = YES;
				CLANG_WARN_ENUM_CONVERSION = YES;
				CLANG_WARN_INT_CONVERSION = YES;
				CLANG_WARN_OBJC_ROOT_CLASS = YES_ERROR;
				CLANG_WARN_UNREACHABLE_CODE = YES;
				CLANG_WARN__DUPLICATE_METHOD_MATCH = YES;
				CODE_SIGN_IDENTITY = "-";
				COPY_PHASE_STRIP = NO;
				DEBUG_INFORMATION_FORMAT = dwarf;
				ENABLE_STRICT_OBJC_MSGSEND = YES;
				ENABLE_TESTABILITY = YES;
				GCC_C_LANGUAGE_STANDARD = gnu99;
				GCC_DYNAMIC_NO_PIC = NO;
				GCC_NO_COMMON_BLOCKS = YES;
				GCC_OPTIMIZATION_LEVEL = 0;
				GCC_PREPROCESSOR_DEFINITIONS = (
					"DEBUG=1",
					"$(inherited)",
				);
				GCC_WARN_64_TO_32_BIT_CONVERSION = YES;
				GCC_WARN_ABOUT_RETURN_TYPE = YES_ERROR;
				GCC_WARN_UNDECLARED_SELECTOR = YES;
				GCC_WARN_UNINITIALIZED_AUTOS = YES_AGGRESSIVE;
				GCC_WARN_UNUSED_FUNCTION = YES;
				GCC_WARN_UNUSED_VARIABLE = YES;
				MACOSX_DEPLOYMENT_TARGET = 10.11;
				MTL_ENABLE_DEBUG_INFO = YES;
				ONLY_ACTIVE_ARCH = YES;
				SDKROOT = macosx;
			};
			name = Debug;
		};
		7655C3C21CCAFE860098201B /* Release */ = {
			isa = XCBuildConfiguration;
			buildSettings = {
				ALWAYS_SEARCH_USER_PATHS = NO;
				CLANG_ANALYZER_NONNULL = YES;
				CLANG_CXX_LANGUAGE_STANDARD = "gnu++0x";
				CLANG_CXX_LIBRARY = "libc++";
				CLANG_ENABLE_MODULES = YES;
				CLANG_ENABLE_OBJC_ARC = YES;
				CLANG_WARN_BOOL_CONVERSION = YES;
				CLANG_WARN_CONSTANT_CONVERSION = YES;
				CLANG_WARN_DIRECT_OBJC_ISA_USAGE = YES_ERROR;
				CLANG_WARN_EMPTY_BODY = YES;
				CLANG_WARN_ENUM_CONVERSION = YES;
				CLANG_WARN_INT_CONVERSION = YES;
				CLANG_WARN_OBJC_ROOT_CLASS = YES_ERROR;
				CLANG_WARN_UNREACHABLE_CODE = YES;
				CLANG_WARN__DUPLICATE_METHOD_MATCH = YES;
				CODE_SIGN_IDENTITY = "-";
				COPY_PHASE_STRIP = NO;
				DEBUG_INFORMATION_FORMAT = "dwarf-with-dsym";
				ENABLE_NS_ASSERTIONS = NO;
				ENABLE_STRICT_OBJC_MSGSEND = YES;
				GCC_C_LANGUAGE_STANDARD = gnu99;
				GCC_NO_COMMON_BLOCKS = YES;
				GCC_WARN_64_TO_32_BIT_CONVERSION = YES;
				GCC_WARN_ABOUT_RETURN_TYPE = YES_ERROR;
				GCC_WARN_UNDECLARED_SELECTOR = YES;
				GCC_WARN_UNINITIALIZED_AUTOS = YES_AGGRESSIVE;
				GCC_WARN_UNUSED_FUNCTION = YES;
				GCC_WARN_UNUSED_VARIABLE = YES;
				MACOSX_DEPLOYMENT_TARGET = 10.11;
				MTL_ENABLE_DEBUG_INFO = NO;
				SDKROOT = macosx;
			};
			name = Release;
		};
		7655C3C41CCAFE860098201B /* Debug */ = {
			isa = XCBuildConfiguration;
			buildSettings = {
				PRODUCT_NAME = "$(TARGET_NAME)";
			};
			name = Debug;
		};
		7655C3C51CCAFE860098201B /* Release */ = {
			isa = XCBuildConfiguration;
			buildSettings = {
				PRODUCT_NAME = "$(TARGET_NAME)";
			};
			name = Release;
		};
/* End XCBuildConfiguration section */

/* Begin XCConfigurationList section */
		7655C3B71CCAFE860098201B /* Build configuration list for PBXProject "socket_app" */ = {
			isa = XCConfigurationList;
			buildConfigurations = (
				7655C3C11CCAFE860098201B /* Debug */,
				7655C3C21CCAFE860098201B /* Release */,
			);
			defaultConfigurationIsVisible = 0;
			defaultConfigurationName = Release;
		};
		7655C3C31CCAFE860098201B /* Build configuration list for PBXNativeTarget "socket_app" */ = {
			isa = XCConfigurationList;
			buildConfigurations = (
				7655C3C41CCAFE860098201B /* Debug */,
				7655C3C51CCAFE860098201B /* Release */,
			);
			defaultConfigurationIsVisible = 0;
		};
/* End XCConfigurationList section */
	};
	rootObject = 7655C3B41CCAFE860098201B /* Project object */;
}
